
Microsoft Visual Studio Solution File, Format Version 12.00
# Visual Studio 15
VisualStudioVersion = 15.0.28307.168
MinimumVisualStudioVersion = 10.0.40219.1
Project("{FAE04EC0-301F-11D3-BF4B-00C04F79EFBC}") = "WordpressAutomation", "WordpressAutomation\WordpressAutomation.csproj", "{09F46C84-9718-4DC9-9CEE-6647DA8693C6}"
EndProject
Project("{FAE04EC0-301F-11D3-BF4B-00C04F79EFBC}") = "WordpressTest", "WordpressTest\WordpressTest.csproj", "{FD02AA48-FE8D-41EB-9467-D6C160D1DCBB}"
EndProject
Global
	GlobalSection(SolutionConfigurationPlatforms) = preSolution
		Debug|Any CPU = Debug|Any CPU
		Release|Any CPU = Release|Any CPU
	EndGlobalSection
	GlobalSection(ProjectConfigurationPlatforms) = postSolution
		{09F46C84-9718-4DC9-9CEE-6647DA8693C6}.Debug|Any CPU.ActiveCfg = Debug|Any CPU
		{09F46C84-9718-4DC9-9CEE-6647DA8693C6}.Debug|Any CPU.Build.0 = Debug|Any CPU
		{09F46C84-9718-4DC9-9CEE-6647DA8693C6}.Release|Any CPU.ActiveCfg = Release|Any CPU
		{09F46C84-9718-4DC9-9CEE-6647DA8693C6}.Release|Any CPU.Build.0 = Release|Any CPU
		{FD02AA48-FE8D-41EB-9467-D6C160D1DCBB}.Debug|Any CPU.ActiveCfg = Debug|Any CPU
		{FD02AA48-FE8D-41EB-9467-D6C160D1DCBB}.Debug|Any CPU.Build.0 = Debug|Any CPU
		{FD02AA48-FE8D-41EB-9467-D6C160D1DCBB}.Release|Any CPU.ActiveCfg = Release|Any CPU
		{FD02AA48-FE8D-41EB-9467-D6C160D1DCBB}.Release|Any CPU.Build.0 = Release|Any CPU
	EndGlobalSection
	GlobalSection(SolutionProperties) = preSolution
		HideSolutionNode = FALSE
	EndGlobalSection
	GlobalSection(ExtensibilityGlobals) = postSolution
		SolutionGuid = {2FB125E3-B78F-40E9-A328-530252F509EF}
	EndGlobalSection
EndGlobal
